
Microsoft Visual Studio Solution File, Format Version 12.00
# Visual Studio Version 17
VisualStudioVersion = 17.2.32630.192
MinimumVisualStudioVersion = 10.0.40219.1
Project("{9A19103F-16F7-4668-BE54-9A1E7A4F7556}") = "CustomerProjectTest", "CustomerProjectTest\CustomerProjectTest.csproj", "{4F2D739A-BAF1-4A07-9CDF-AB839CB22F1D}"
EndProject
Project("{9A19103F-16F7-4668-BE54-9A1E7A4F7556}") = "InterfaceDal", "InterfaceDal\InterfaceDal.csproj", "{700BB7CA-AC4B-4B59-96C5-33B45EB7B645}"
EndProject
Project("{9A19103F-16F7-4668-BE54-9A1E7A4F7556}") = "CommonDal", "CommonDal\CommonDal.csproj", "{81861511-CA46-4F16-9A50-0E8D109E6D4A}"
EndProject
Project("{9A19103F-16F7-4668-BE54-9A1E7A4F7556}") = "AdoDotDataLayer", "AdoDotDataLayer\AdoDotDataLayer.csproj", "{13586FBB-8DD6-4E6D-B888-9D4EE6E8501C}"
EndProject
Project("{9A19103F-16F7-4668-BE54-9A1E7A4F7556}") = "Factory", "Factory\Factory.csproj", "{69658EAD-17B1-4FC1-8B3F-B83E30A34B7A}"
EndProject
Project("{9A19103F-16F7-4668-BE54-9A1E7A4F7556}") = "WinFormCustomer", "WinFormCustomer\WinFormCustomer.csproj", "{8E75E399-B08D-4580-875E-CAD0564F9BD6}"
EndProject
Project("{9A19103F-16F7-4668-BE54-9A1E7A4F7556}") = "InterfaceCustomer", "InterfaceCustomer\InterfaceCustomer.csproj", "{83C1C115-9AE4-46B9-AA5F-008507E3D294}"
EndProject
Project("{FAE04EC0-301F-11D3-BF4B-00C04F79EFBC}") = "MiddleLayer", "MiddleLayer\MiddleLayer.csproj", "{6B726718-D105-45A2-895D-8B72E1EA1908}"
EndProject
Project("{FAE04EC0-301F-11D3-BF4B-00C04F79EFBC}") = "ValidationAlgorithms", "ValidationAlgorithms\ValidationAlgorithms.csproj", "{A81C0E87-7033-40E7-AA2A-3AE033BEA34C}"
EndProject
Global
	GlobalSection(SolutionConfigurationPlatforms) = preSolution
		Debug|Any CPU = Debug|Any CPU
		Release|Any CPU = Release|Any CPU
	EndGlobalSection
	GlobalSection(ProjectConfigurationPlatforms) = postSolution
		{4F2D739A-BAF1-4A07-9CDF-AB839CB22F1D}.Debug|Any CPU.ActiveCfg = Debug|Any CPU
		{4F2D739A-BAF1-4A07-9CDF-AB839CB22F1D}.Debug|Any CPU.Build.0 = Debug|Any CPU
		{4F2D739A-BAF1-4A07-9CDF-AB839CB22F1D}.Release|Any CPU.ActiveCfg = Release|Any CPU
		{4F2D739A-BAF1-4A07-9CDF-AB839CB22F1D}.Release|Any CPU.Build.0 = Release|Any CPU
		{700BB7CA-AC4B-4B59-96C5-33B45EB7B645}.Debug|Any CPU.ActiveCfg = Debug|Any CPU
		{700BB7CA-AC4B-4B59-96C5-33B45EB7B645}.Debug|Any CPU.Build.0 = Debug|Any CPU
		{700BB7CA-AC4B-4B59-96C5-33B45EB7B645}.Release|Any CPU.ActiveCfg = Release|Any CPU
		{700BB7CA-AC4B-4B59-96C5-33B45EB7B645}.Release|Any CPU.Build.0 = Release|Any CPU
		{81861511-CA46-4F16-9A50-0E8D109E6D4A}.Debug|Any CPU.ActiveCfg = Debug|Any CPU
		{81861511-CA46-4F16-9A50-0E8D109E6D4A}.Debug|Any CPU.Build.0 = Debug|Any CPU
		{81861511-CA46-4F16-9A50-0E8D109E6D4A}.Release|Any CPU.ActiveCfg = Release|Any CPU
		{81861511-CA46-4F16-9A50-0E8D109E6D4A}.Release|Any CPU.Build.0 = Release|Any CPU
		{13586FBB-8DD6-4E6D-B888-9D4EE6E8501C}.Debug|Any CPU.ActiveCfg = Debug|Any CPU
		{13586FBB-8DD6-4E6D-B888-9D4EE6E8501C}.Debug|Any CPU.Build.0 = Debug|Any CPU
		{13586FBB-8DD6-4E6D-B888-9D4EE6E8501C}.Release|Any CPU.ActiveCfg = Release|Any CPU
		{13586FBB-8DD6-4E6D-B888-9D4EE6E8501C}.Release|Any CPU.Build.0 = Release|Any CPU
		{69658EAD-17B1-4FC1-8B3F-B83E30A34B7A}.Debug|Any CPU.ActiveCfg = Debug|Any CPU
		{69658EAD-17B1-4FC1-8B3F-B83E30A34B7A}.Debug|Any CPU.Build.0 = Debug|Any CPU
		{69658EAD-17B1-4FC1-8B3F-B83E30A34B7A}.Release|Any CPU.ActiveCfg = Release|Any CPU
		{69658EAD-17B1-4FC1-8B3F-B83E30A34B7A}.Release|Any CPU.Build.0 = Release|Any CPU
		{8E75E399-B08D-4580-875E-CAD0564F9BD6}.Debug|Any CPU.ActiveCfg = Debug|Any CPU
		{8E75E399-B08D-4580-875E-CAD0564F9BD6}.Debug|Any CPU.Build.0 = Debug|Any CPU
		{8E75E399-B08D-4580-875E-CAD0564F9BD6}.Release|Any CPU.ActiveCfg = Release|Any CPU
		{8E75E399-B08D-4580-875E-CAD0564F9BD6}.Release|Any CPU.Build.0 = Release|Any CPU
		{83C1C115-9AE4-46B9-AA5F-008507E3D294}.Debug|Any CPU.ActiveCfg = Debug|Any CPU
		{83C1C115-9AE4-46B9-AA5F-008507E3D294}.Debug|Any CPU.Build.0 = Debug|Any CPU
		{83C1C115-9AE4-46B9-AA5F-008507E3D294}.Release|Any CPU.ActiveCfg = Release|Any CPU
		{83C1C115-9AE4-46B9-AA5F-008507E3D294}.Release|Any CPU.Build.0 = Release|Any CPU
		{6B726718-D105-45A2-895D-8B72E1EA1908}.Debug|Any CPU.ActiveCfg = Debug|Any CPU
		{6B726718-D105-45A2-895D-8B72E1EA1908}.Debug|Any CPU.Build.0 = Debug|Any CPU
		{6B726718-D105-45A2-895D-8B72E1EA1908}.Release|Any CPU.ActiveCfg = Release|Any CPU
		{6B726718-D105-45A2-895D-8B72E1EA1908}.Release|Any CPU.Build.0 = Release|Any CPU
		{A81C0E87-7033-40E7-AA2A-3AE033BEA34C}.Debug|Any CPU.ActiveCfg = Debug|Any CPU
		{A81C0E87-7033-40E7-AA2A-3AE033BEA34C}.Debug|Any CPU.Build.0 = Debug|Any CPU
		{A81C0E87-7033-40E7-AA2A-3AE033BEA34C}.Release|Any CPU.ActiveCfg = Release|Any CPU
		{A81C0E87-7033-40E7-AA2A-3AE033BEA34C}.Release|Any CPU.Build.0 = Release|Any CPU
	EndGlobalSection
	GlobalSection(SolutionProperties) = preSolution
		HideSolutionNode = FALSE
	EndGlobalSection
	GlobalSection(ExtensibilityGlobals) = postSolution
		SolutionGuid = {8DDEAEE6-EA30-4B70-BA2C-86B2635F0944}
	EndGlobalSection
EndGlobal
